// !$*UTF8*$!
{
	archiveVersion = 1;
	classes = {
	};
	objectVersion = 55;
	objects = {

/* Begin PBXBuildFile section */
		431B762827107D1800476924 /* AppDelegate.swift in Sources */ = {isa = PBXBuildFile; fileRef = 431B762727107D1800476924 /* AppDelegate.swift */; };
		431B762A27107D1800476924 /* ViewController.swift in Sources */ = {isa = PBXBuildFile; fileRef = 431B762927107D1800476924 /* ViewController.swift */; };
		431B762C27107D1B00476924 /* Assets.xcassets in Resources */ = {isa = PBXBuildFile; fileRef = 431B762B27107D1B00476924 /* Assets.xcassets */; };
		431B762F27107D1B00476924 /* Main.storyboard in Resources */ = {isa = PBXBuildFile; fileRef = 431B762D27107D1B00476924 /* Main.storyboard */; };
		431B763A27107D1B00476924 /* NSTextInputClientTests.swift in Sources */ = {isa = PBXBuildFile; fileRef = 431B763927107D1B00476924 /* NSTextInputClientTests.swift */; };
		431B764427107D1B00476924 /* NSTextInputClientUITests.swift in Sources */ = {isa = PBXBuildFile; fileRef = 431B764327107D1B00476924 /* NSTextInputClientUITests.swift */; };
		431B764627107D1B00476924 /* NSTextInputClientUITestsLaunchTests.swift in Sources */ = {isa = PBXBuildFile; fileRef = 431B764527107D1B00476924 /* NSTextInputClientUITestsLaunchTests.swift */; };
		431B765327107D3B00476924 /* TextEditor.swift in Sources */ = {isa = PBXBuildFile; fileRef = 431B765227107D3B00476924 /* TextEditor.swift */; };
		431B765527108BD000476924 /* Selection.swift in Sources */ = {isa = PBXBuildFile; fileRef = 431B765427108BD000476924 /* Selection.swift */; };
		431B765727108D6000476924 /* TextEditor+TextInput.swift in Sources */ = {isa = PBXBuildFile; fileRef = 431B765627108D6000476924 /* TextEditor+TextInput.swift */; };
		431B765927108D6C00476924 /* TextEditor+Events.swift in Sources */ = {isa = PBXBuildFile; fileRef = 431B765827108D6C00476924 /* TextEditor+Events.swift */; };
		431B765B2710900600476924 /* TextEditor+Drawing.swift in Sources */ = {isa = PBXBuildFile; fileRef = 431B765A2710900600476924 /* TextEditor+Drawing.swift */; };
		431B765D2710906400476924 /* TextEditor+Geometry.swift in Sources */ = {isa = PBXBuildFile; fileRef = 431B765C2710906400476924 /* TextEditor+Geometry.swift */; };
		431B765F271090D000476924 /* TextEditor+Actions.swift in Sources */ = {isa = PBXBuildFile; fileRef = 431B765E271090D000476924 /* TextEditor+Actions.swift */; };
		431B76612710922400476924 /* String+Extensions.swift in Sources */ = {isa = PBXBuildFile; fileRef = 431B76602710922400476924 /* String+Extensions.swift */; };
		4340F06B27DCDD6B001016DE /* TextEditorBase.m in Sources */ = {isa = PBXBuildFile; fileRef = 4340F06A27DCDD6B001016DE /* TextEditorBase.m */; };
		4340F06D27DCDF88001016DE /* TextEditor+TextChecking.swift in Sources */ = {isa = PBXBuildFile; fileRef = 4340F06C27DCDF88001016DE /* TextEditor+TextChecking.swift */; };
		4340F06F27DCE672001016DE /* TextCheckingController.swift in Sources */ = {isa = PBXBuildFile; fileRef = 4340F06E27DCE672001016DE /* TextCheckingController.swift */; };
		4340F07427DCF43B001016DE /* Logs.swift in Sources */ = {isa = PBXBuildFile; fileRef = 4340F07327DCF43B001016DE /* Logs.swift */; };
		43A604542900526C005D9775 /* TextEditorBase+TextCheckingClient.m in Sources */ = {isa = PBXBuildFile; fileRef = 43A604532900526C005D9775 /* TextEditorBase+TextCheckingClient.m */; };
/* End PBXBuildFile section */

/* Begin PBXContainerItemProxy section */
		431B763627107D1B00476924 /* PBXContainerItemProxy */ = {
			isa = PBXContainerItemProxy;
			containerPortal = 431B761C27107D1800476924 /* Project object */;
			proxyType = 1;
			remoteGlobalIDString = 431B762327107D1800476924;
			remoteInfo = NSTextInputClient;
		};
		431B764027107D1B00476924 /* PBXContainerItemProxy */ = {
			isa = PBXContainerItemProxy;
			containerPortal = 431B761C27107D1800476924 /* Project object */;
			proxyType = 1;
			remoteGlobalIDString = 431B762327107D1800476924;
			remoteInfo = NSTextInputClient;
		};
/* End PBXContainerItemProxy section */

/* Begin PBXFileReference section */
		431B762427107D1800476924 /* NSTextInputClient.app */ = {isa = PBXFileReference; explicitFileType = wrapper.application; includeInIndex = 0; path = NSTextInputClient.app; sourceTree = BUILT_PRODUCTS_DIR; };
		431B762727107D1800476924 /* AppDelegate.swift */ = {isa = PBXFileReference; lastKnownFileType = sourcecode.swift; path = AppDelegate.swift; sourceTree = "<group>"; };
		431B762927107D1800476924 /* ViewController.swift */ = {isa = PBXFileReference; lastKnownFileType = sourcecode.swift; path = ViewController.swift; sourceTree = "<group>"; };
		431B762B27107D1B00476924 /* Assets.xcassets */ = {isa = PBXFileReference; lastKnownFileType = folder.assetcatalog; path = Assets.xcassets; sourceTree = "<group>"; };
		431B762E27107D1B00476924 /* Base */ = {isa = PBXFileReference; lastKnownFileType = file.storyboard; name = Base; path = Base.lproj/Main.storyboard; sourceTree = "<group>"; };
		431B763027107D1B00476924 /* NSTextInputClient.entitlements */ = {isa = PBXFileReference; lastKnownFileType = text.plist.entitlements; path = NSTextInputClient.entitlements; sourceTree = "<group>"; };
		431B763527107D1B00476924 /* NSTextInputClientTests.xctest */ = {isa = PBXFileReference; explicitFileType = wrapper.cfbundle; includeInIndex = 0; path = NSTextInputClientTests.xctest; sourceTree = BUILT_PRODUCTS_DIR; };
		431B763927107D1B00476924 /* NSTextInputClientTests.swift */ = {isa = PBXFileReference; lastKnownFileType = sourcecode.swift; path = NSTextInputClientTests.swift; sourceTree = "<group>"; };
		431B763F27107D1B00476924 /* NSTextInputClientUITests.xctest */ = {isa = PBXFileReference; explicitFileType = wrapper.cfbundle; includeInIndex = 0; path = NSTextInputClientUITests.xctest; sourceTree = BUILT_PRODUCTS_DIR; };
		431B764327107D1B00476924 /* NSTextInputClientUITests.swift */ = {isa = PBXFileReference; lastKnownFileType = sourcecode.swift; path = NSTextInputClientUITests.swift; sourceTree = "<group>"; };
		431B764527107D1B00476924 /* NSTextInputClientUITestsLaunchTests.swift */ = {isa = PBXFileReference; lastKnownFileType = sourcecode.swift; path = NSTextInputClientUITestsLaunchTests.swift; sourceTree = "<group>"; };
		431B765227107D3B00476924 /* TextEditor.swift */ = {isa = PBXFileReference; lastKnownFileType = sourcecode.swift; path = TextEditor.swift; sourceTree = "<group>"; };
		431B765427108BD000476924 /* Selection.swift */ = {isa = PBXFileReference; lastKnownFileType = sourcecode.swift; path = Selection.swift; sourceTree = "<group>"; };
		431B765627108D6000476924 /* TextEditor+TextInput.swift */ = {isa = PBXFileReference; lastKnownFileType = sourcecode.swift; path = "TextEditor+TextInput.swift"; sourceTree = "<group>"; };
		431B765827108D6C00476924 /* TextEditor+Events.swift */ = {isa = PBXFileReference; lastKnownFileType = sourcecode.swift; path = "TextEditor+Events.swift"; sourceTree = "<group>"; };
		431B765A2710900600476924 /* TextEditor+Drawing.swift */ = {isa = PBXFileReference; lastKnownFileType = sourcecode.swift; path = "TextEditor+Drawing.swift"; sourceTree = "<group>"; };
		431B765C2710906400476924 /* TextEditor+Geometry.swift */ = {isa = PBXFileReference; lastKnownFileType = sourcecode.swift; path = "TextEditor+Geometry.swift"; sourceTree = "<group>"; };
		431B765E271090D000476924 /* TextEditor+Actions.swift */ = {isa = PBXFileReference; lastKnownFileType = sourcecode.swift; path = "TextEditor+Actions.swift"; sourceTree = "<group>"; };
		431B76602710922400476924 /* String+Extensions.swift */ = {isa = PBXFileReference; lastKnownFileType = sourcecode.swift; path = "String+Extensions.swift"; sourceTree = "<group>"; };
		431B76622710B1D500476924 /* README.md */ = {isa = PBXFileReference; lastKnownFileType = net.daringfireball.markdown; path = README.md; sourceTree = "<group>"; };
		4340F06827DCDD6B001016DE /* NSTextInputClient-Bridging-Header.h */ = {isa = PBXFileReference; lastKnownFileType = sourcecode.c.h; path = "NSTextInputClient-Bridging-Header.h"; sourceTree = "<group>"; };
		4340F06927DCDD6B001016DE /* TextEditorBase.h */ = {isa = PBXFileReference; lastKnownFileType = sourcecode.c.h; path = TextEditorBase.h; sourceTree = "<group>"; };
		4340F06A27DCDD6B001016DE /* TextEditorBase.m */ = {isa = PBXFileReference; lastKnownFileType = sourcecode.c.objc; path = TextEditorBase.m; sourceTree = "<group>"; };
		4340F06C27DCDF88001016DE /* TextEditor+TextChecking.swift */ = {isa = PBXFileReference; lastKnownFileType = sourcecode.swift; path = "TextEditor+TextChecking.swift"; sourceTree = "<group>"; };
		4340F06E27DCE672001016DE /* TextCheckingController.swift */ = {isa = PBXFileReference; lastKnownFileType = sourcecode.swift; path = TextCheckingController.swift; sourceTree = "<group>"; };
		4340F07127DCF286001016DE /* README.md */ = {isa = PBXFileReference; lastKnownFileType = net.daringfireball.markdown; path = README.md; sourceTree = "<group>"; };
		4340F07327DCF43B001016DE /* Logs.swift */ = {isa = PBXFileReference; lastKnownFileType = sourcecode.swift; path = Logs.swift; sourceTree = "<group>"; };
		43A604522900526C005D9775 /* TextEditorBase+TextCheckingClient.h */ = {isa = PBXFileReference; lastKnownFileType = sourcecode.c.h; path = "TextEditorBase+TextCheckingClient.h"; sourceTree = "<group>"; };
		43A604532900526C005D9775 /* TextEditorBase+TextCheckingClient.m */ = {isa = PBXFileReference; lastKnownFileType = sourcecode.c.objc; path = "TextEditorBase+TextCheckingClient.m"; sourceTree = "<group>"; };
/* End PBXFileReference section */

/* Begin PBXFrameworksBuildPhase section */
		431B762127107D1800476924 /* Frameworks */ = {
			isa = PBXFrameworksBuildPhase;
			buildActionMask = 2147483647;
			files = (
			);
			runOnlyForDeploymentPostprocessing = 0;
		};
		431B763227107D1B00476924 /* Frameworks */ = {
			isa = PBXFrameworksBuildPhase;
			buildActionMask = 2147483647;
			files = (
			);
			runOnlyForDeploymentPostprocessing = 0;
		};
		431B763C27107D1B00476924 /* Frameworks */ = {
			isa = PBXFrameworksBuildPhase;
			buildActionMask = 2147483647;
			files = (
			);
			runOnlyForDeploymentPostprocessing = 0;
		};
/* End PBXFrameworksBuildPhase section */

/* Begin PBXGroup section */
		431B761B27107D1800476924 = {
			isa = PBXGroup;
			children = (
				431B76622710B1D500476924 /* README.md */,
				431B762627107D1800476924 /* NSTextInputClient */,
				431B763827107D1B00476924 /* NSTextInputClientTests */,
				431B764227107D1B00476924 /* NSTextInputClientUITests */,
				431B762527107D1800476924 /* Products */,
			);
			sourceTree = "<group>";
		};
		431B762527107D1800476924 /* Products */ = {
			isa = PBXGroup;
			children = (
				431B762427107D1800476924 /* NSTextInputClient.app */,
				431B763527107D1B00476924 /* NSTextInputClientTests.xctest */,
				431B763F27107D1B00476924 /* NSTextInputClientUITests.xctest */,
			);
			name = Products;
			sourceTree = "<group>";
		};
		431B762627107D1800476924 /* NSTextInputClient */ = {
			isa = PBXGroup;
			children = (
				431B762727107D1800476924 /* AppDelegate.swift */,
				431B762927107D1800476924 /* ViewController.swift */,
				4340F07227DCF3E1001016DE /* TextEditor */,
				4340F07627DCFA0D001016DE /* Util */,
				431B762B27107D1B00476924 /* Assets.xcassets */,
				431B762D27107D1B00476924 /* Main.storyboard */,
				431B763027107D1B00476924 /* NSTextInputClient.entitlements */,
				4340F06827DCDD6B001016DE /* NSTextInputClient-Bridging-Header.h */,
			);
			path = NSTextInputClient;
			sourceTree = "<group>";
		};
		431B763827107D1B00476924 /* NSTextInputClientTests */ = {
			isa = PBXGroup;
			children = (
				431B763927107D1B00476924 /* NSTextInputClientTests.swift */,
			);
			path = NSTextInputClientTests;
			sourceTree = "<group>";
		};
		431B764227107D1B00476924 /* NSTextInputClientUITests */ = {
			isa = PBXGroup;
			children = (
				431B764327107D1B00476924 /* NSTextInputClientUITests.swift */,
				431B764527107D1B00476924 /* NSTextInputClientUITestsLaunchTests.swift */,
			);
			path = NSTextInputClientUITests;
			sourceTree = "<group>";
		};
		4340F07027DCF263001016DE /* Objective-c */ = {
			isa = PBXGroup;
			children = (
				4340F07127DCF286001016DE /* README.md */,
				4340F06927DCDD6B001016DE /* TextEditorBase.h */,
				4340F06A27DCDD6B001016DE /* TextEditorBase.m */,
				43A604522900526C005D9775 /* TextEditorBase+TextCheckingClient.h */,
				43A604532900526C005D9775 /* TextEditorBase+TextCheckingClient.m */,
			);
			path = "Objective-c";
			sourceTree = "<group>";
		};
		4340F07227DCF3E1001016DE /* TextEditor */ = {
			isa = PBXGroup;
			children = (
				431B765427108BD000476924 /* Selection.swift */,
				431B765227107D3B00476924 /* TextEditor.swift */,
				431B765E271090D000476924 /* TextEditor+Actions.swift */,
				431B765C2710906400476924 /* TextEditor+Geometry.swift */,
				431B765A2710900600476924 /* TextEditor+Drawing.swift */,
				431B765827108D6C00476924 /* TextEditor+Events.swift */,
				431B765627108D6000476924 /* TextEditor+TextInput.swift */,
				4340F06C27DCDF88001016DE /* TextEditor+TextChecking.swift */,
				4340F06E27DCE672001016DE /* TextCheckingController.swift */,
				4340F07027DCF263001016DE /* Objective-c */,
			);
			path = TextEditor;
			sourceTree = "<group>";
		};
		4340F07627DCFA0D001016DE /* Util */ = {
			isa = PBXGroup;
			children = (
				431B76602710922400476924 /* String+Extensions.swift */,
				4340F07327DCF43B001016DE /* Logs.swift */,
			);
			path = Util;
			sourceTree = "<group>";
		};
/* End PBXGroup section */

/* Begin PBXNativeTarget section */
		431B762327107D1800476924 /* NSTextInputClient */ = {
			isa = PBXNativeTarget;
			buildConfigurationList = 431B764927107D1B00476924 /* Build configuration list for PBXNativeTarget "NSTextInputClient" */;
			buildPhases = (
				431B762027107D1800476924 /* Sources */,
				431B762127107D1800476924 /* Frameworks */,
				431B762227107D1800476924 /* Resources */,
			);
			buildRules = (
			);
			dependencies = (
			);
			name = NSTextInputClient;
			productName = NSTextInputClient;
			productReference = 431B762427107D1800476924 /* NSTextInputClient.app */;
			productType = "com.apple.product-type.application";
		};
		431B763427107D1B00476924 /* NSTextInputClientTests */ = {
			isa = PBXNativeTarget;
			buildConfigurationList = 431B764C27107D1B00476924 /* Build configuration list for PBXNativeTarget "NSTextInputClientTests" */;
			buildPhases = (
				431B763127107D1B00476924 /* Sources */,
				431B763227107D1B00476924 /* Frameworks */,
				431B763327107D1B00476924 /* Resources */,
			);
			buildRules = (
			);
			dependencies = (
				431B763727107D1B00476924 /* PBXTargetDependency */,
			);
			name = NSTextInputClientTests;
			productName = NSTextInputClientTests;
			productReference = 431B763527107D1B00476924 /* NSTextInputClientTests.xctest */;
			productType = "com.apple.product-type.bundle.unit-test";
		};
		431B763E27107D1B00476924 /* NSTextInputClientUITests */ = {
			isa = PBXNativeTarget;
			buildConfigurationList = 431B764F27107D1B00476924 /* Build configuration list for PBXNativeTarget "NSTextInputClientUITests" */;
			buildPhases = (
				431B763B27107D1B00476924 /* Sources */,
				431B763C27107D1B00476924 /* Frameworks */,
				431B763D27107D1B00476924 /* Resources */,
			);
			buildRules = (
			);
			dependencies = (
				431B764127107D1B00476924 /* PBXTargetDependency */,
			);
			name = NSTextInputClientUITests;
			productName = NSTextInputClientUITests;
			productReference = 431B763F27107D1B00476924 /* NSTextInputClientUITests.xctest */;
			productType = "com.apple.product-type.bundle.ui-testing";
		};
/* End PBXNativeTarget section */

/* Begin PBXProject section */
		431B761C27107D1800476924 /* Project object */ = {
			isa = PBXProject;
			attributes = {
				BuildIndependentTargetsInParallel = 1;
				LastSwiftUpdateCheck = 1300;
				LastUpgradeCheck = 1320;
				TargetAttributes = {
					431B762327107D1800476924 = {
						CreatedOnToolsVersion = 13.0;
						LastSwiftMigration = 1320;
					};
					431B763427107D1B00476924 = {
						CreatedOnToolsVersion = 13.0;
						TestTargetID = 431B762327107D1800476924;
					};
					431B763E27107D1B00476924 = {
						CreatedOnToolsVersion = 13.0;
						TestTargetID = 431B762327107D1800476924;
					};
				};
			};
			buildConfigurationList = 431B761F27107D1800476924 /* Build configuration list for PBXProject "NSTextInputClient" */;
			compatibilityVersion = "Xcode 13.0";
			developmentRegion = en;
			hasScannedForEncodings = 0;
			knownRegions = (
				en,
				Base,
			);
			mainGroup = 431B761B27107D1800476924;
			productRefGroup = 431B762527107D1800476924 /* Products */;
			projectDirPath = "";
			projectRoot = "";
			targets = (
				431B762327107D1800476924 /* NSTextInputClient */,
				431B763427107D1B00476924 /* NSTextInputClientTests */,
				431B763E27107D1B00476924 /* NSTextInputClientUITests */,
			);
		};
/* End PBXProject section */

/* Begin PBXResourcesBuildPhase section */
		431B762227107D1800476924 /* Resources */ = {
			isa = PBXResourcesBuildPhase;
			buildActionMask = 2147483647;
			files = (
				431B762C27107D1B00476924 /* Assets.xcassets in Resources */,
				431B762F27107D1B00476924 /* Main.storyboard in Resources */,
			);
			runOnlyForDeploymentPostprocessing = 0;
		};
		431B763327107D1B00476924 /* Resources */ = {
			isa = PBXResourcesBuildPhase;
			buildActionMask = 2147483647;
			files = (
			);
			runOnlyForDeploymentPostprocessing = 0;
		};
		431B763D27107D1B00476924 /* Resources */ = {
			isa = PBXResourcesBuildPhase;
			buildActionMask = 2147483647;
			files = (
			);
			runOnlyForDeploymentPostprocessing = 0;
		};
/* End PBXResourcesBuildPhase section */

/* Begin PBXSourcesBuildPhase section */
		431B762027107D1800476924 /* Sources */ = {
			isa = PBXSourcesBuildPhase;
			buildActionMask = 2147483647;
			files = (
				431B76612710922400476924 /* String+Extensions.swift in Sources */,
				431B765927108D6C00476924 /* TextEditor+Events.swift in Sources */,
				431B765B2710900600476924 /* TextEditor+Drawing.swift in Sources */,
				4340F06F27DCE672001016DE /* TextCheckingController.swift in Sources */,
				4340F06B27DCDD6B001016DE /* TextEditorBase.m in Sources */,
				43A604542900526C005D9775 /* TextEditorBase+TextCheckingClient.m in Sources */,
				4340F06D27DCDF88001016DE /* TextEditor+TextChecking.swift in Sources */,
				431B765527108BD000476924 /* Selection.swift in Sources */,
				431B762A27107D1800476924 /* ViewController.swift in Sources */,
				4340F07427DCF43B001016DE /* Logs.swift in Sources */,
				431B765727108D6000476924 /* TextEditor+TextInput.swift in Sources */,
				431B765327107D3B00476924 /* TextEditor.swift in Sources */,
				431B765F271090D000476924 /* TextEditor+Actions.swift in Sources */,
				431B762827107D1800476924 /* AppDelegate.swift in Sources */,
				431B765D2710906400476924 /* TextEditor+Geometry.swift in Sources */,
			);
			runOnlyForDeploymentPostprocessing = 0;
		};
		431B763127107D1B00476924 /* Sources */ = {
			isa = PBXSourcesBuildPhase;
			buildActionMask = 2147483647;
			files = (
				431B763A27107D1B00476924 /* NSTextInputClientTests.swift in Sources */,
			);
			runOnlyForDeploymentPostprocessing = 0;
		};
		431B763B27107D1B00476924 /* Sources */ = {
			isa = PBXSourcesBuildPhase;
			buildActionMask = 2147483647;
			files = (
				431B764627107D1B00476924 /* NSTextInputClientUITestsLaunchTests.swift in Sources */,
				431B764427107D1B00476924 /* NSTextInputClientUITests.swift in Sources */,
			);
			runOnlyForDeploymentPostprocessing = 0;
		};
/* End PBXSourcesBuildPhase section */

/* Begin PBXTargetDependency section */
		431B763727107D1B00476924 /* PBXTargetDependency */ = {
			isa = PBXTargetDependency;
			target = 431B762327107D1800476924 /* NSTextInputClient */;
			targetProxy = 431B763627107D1B00476924 /* PBXContainerItemProxy */;
		};
		431B764127107D1B00476924 /* PBXTargetDependency */ = {
			isa = PBXTargetDependency;
			target = 431B762327107D1800476924 /* NSTextInputClient */;
			targetProxy = 431B764027107D1B00476924 /* PBXContainerItemProxy */;
		};
/* End PBXTargetDependency section */

/* Begin PBXVariantGroup section */
		431B762D27107D1B00476924 /* Main.storyboard */ = {
			isa = PBXVariantGroup;
			children = (
				431B762E27107D1B00476924 /* Base */,
			);
			name = Main.storyboard;
			sourceTree = "<group>";
		};
/* End PBXVariantGroup section */

/* Begin XCBuildConfiguration section */
		431B764727107D1B00476924 /* Debug */ = {
			isa = XCBuildConfiguration;
			buildSettings = {
				ALWAYS_SEARCH_USER_PATHS = NO;
				CLANG_ANALYZER_NONNULL = YES;
				CLANG_ANALYZER_NUMBER_OBJECT_CONVERSION = YES_AGGRESSIVE;
				CLANG_CXX_LANGUAGE_STANDARD = "gnu++17";
				CLANG_CXX_LIBRARY = "libc++";
				CLANG_ENABLE_MODULES = YES;
				CLANG_ENABLE_OBJC_ARC = YES;
				CLANG_ENABLE_OBJC_WEAK = YES;
				CLANG_WARN_BLOCK_CAPTURE_AUTORELEASING = YES;
				CLANG_WARN_BOOL_CONVERSION = YES;
				CLANG_WARN_COMMA = YES;
				CLANG_WARN_CONSTANT_CONVERSION = YES;
				CLANG_WARN_DEPRECATED_OBJC_IMPLEMENTATIONS = YES;
				CLANG_WARN_DIRECT_OBJC_ISA_USAGE = YES_ERROR;
				CLANG_WARN_DOCUMENTATION_COMMENTS = YES;
				CLANG_WARN_EMPTY_BODY = YES;
				CLANG_WARN_ENUM_CONVERSION = YES;
				CLANG_WARN_INFINITE_RECURSION = YES;
				CLANG_WARN_INT_CONVERSION = YES;
				CLANG_WARN_NON_LITERAL_NULL_CONVERSION = YES;
				CLANG_WARN_OBJC_IMPLICIT_RETAIN_SELF = YES;
				CLANG_WARN_OBJC_LITERAL_CONVERSION = YES;
				CLANG_WARN_OBJC_ROOT_CLASS = YES_ERROR;
				CLANG_WARN_QUOTED_INCLUDE_IN_FRAMEWORK_HEADER = YES;
				CLANG_WARN_RANGE_LOOP_ANALYSIS = YES;
				CLANG_WARN_STRICT_PROTOTYPES = YES;
				CLANG_WARN_SUSPICIOUS_MOVE = YES;
				CLANG_WARN_UNGUARDED_AVAILABILITY = YES_AGGRESSIVE;
				CLANG_WARN_UNREACHABLE_CODE = YES;
				CLANG_WARN__DUPLICATE_METHOD_MATCH = YES;
				COPY_PHASE_STRIP = NO;
				DEBUG_INFORMATION_FORMAT = dwarf;
				ENABLE_STRICT_OBJC_MSGSEND = YES;
				ENABLE_TESTABILITY = YES;
				GCC_C_LANGUAGE_STANDARD = gnu11;
				GCC_DYNAMIC_NO_PIC = NO;
				GCC_NO_COMMON_BLOCKS = YES;
				GCC_OPTIMIZATION_LEVEL = 0;
				GCC_PREPROCESSOR_DEFINITIONS = (
					"DEBUG=1",
					"$(inherited)",
				);
				GCC_WARN_64_TO_32_BIT_CONVERSION = YES;
				GCC_WARN_ABOUT_RETURN_TYPE = YES_ERROR;
				GCC_WARN_UNDECLARED_SELECTOR = YES;
				GCC_WARN_UNINITIALIZED_AUTOS = YES_AGGRESSIVE;
				GCC_WARN_UNUSED_FUNCTION = YES;
				GCC_WARN_UNUSED_VARIABLE = YES;
				MACOSX_DEPLOYMENT_TARGET = 12.0;
				MTL_ENABLE_DEBUG_INFO = INCLUDE_SOURCE;
				MTL_FAST_MATH = YES;
				ONLY_ACTIVE_ARCH = YES;
				SDKROOT = macosx;
				SWIFT_ACTIVE_COMPILATION_CONDITIONS = DEBUG;
				SWIFT_OPTIMIZATION_LEVEL = "-Onone";
			};
			name = Debug;
		};
		431B764827107D1B00476924 /* Release */ = {
			isa = XCBuildConfiguration;
			buildSettings = {
				ALWAYS_SEARCH_USER_PATHS = NO;
				CLANG_ANALYZER_NONNULL = YES;
				CLANG_ANALYZER_NUMBER_OBJECT_CONVERSION = YES_AGGRESSIVE;
				CLANG_CXX_LANGUAGE_STANDARD = "gnu++17";
				CLANG_CXX_LIBRARY = "libc++";
				CLANG_ENABLE_MODULES = YES;
				CLANG_ENABLE_OBJC_ARC = YES;
				CLANG_ENABLE_OBJC_WEAK = YES;
				CLANG_WARN_BLOCK_CAPTURE_AUTORELEASING = YES;
				CLANG_WARN_BOOL_CONVERSION = YES;
				CLANG_WARN_COMMA = YES;
				CLANG_WARN_CONSTANT_CONVERSION = YES;
				CLANG_WARN_DEPRECATED_OBJC_IMPLEMENTATIONS = YES;
				CLANG_WARN_DIRECT_OBJC_ISA_USAGE = YES_ERROR;
				CLANG_WARN_DOCUMENTATION_COMMENTS = YES;
				CLANG_WARN_EMPTY_BODY = YES;
				CLANG_WARN_ENUM_CONVERSION = YES;
				CLANG_WARN_INFINITE_RECURSION = YES;
				CLANG_WARN_INT_CONVERSION = YES;
				CLANG_WARN_NON_LITERAL_NULL_CONVERSION = YES;
				CLANG_WARN_OBJC_IMPLICIT_RETAIN_SELF = YES;
				CLANG_WARN_OBJC_LITERAL_CONVERSION = YES;
				CLANG_WARN_OBJC_ROOT_CLASS = YES_ERROR;
				CLANG_WARN_QUOTED_INCLUDE_IN_FRAMEWORK_HEADER = YES;
				CLANG_WARN_RANGE_LOOP_ANALYSIS = YES;
				CLANG_WARN_STRICT_PROTOTYPES = YES;
				CLANG_WARN_SUSPICIOUS_MOVE = YES;
				CLANG_WARN_UNGUARDED_AVAILABILITY = YES_AGGRESSIVE;
				CLANG_WARN_UNREACHABLE_CODE = YES;
				CLANG_WARN__DUPLICATE_METHOD_MATCH = YES;
				COPY_PHASE_STRIP = NO;
				DEBUG_INFORMATION_FORMAT = "dwarf-with-dsym";
				ENABLE_NS_ASSERTIONS = NO;
				ENABLE_STRICT_OBJC_MSGSEND = YES;
				GCC_C_LANGUAGE_STANDARD = gnu11;
				GCC_NO_COMMON_BLOCKS = YES;
				GCC_WARN_64_TO_32_BIT_CONVERSION = YES;
				GCC_WARN_ABOUT_RETURN_TYPE = YES_ERROR;
				GCC_WARN_UNDECLARED_SELECTOR = YES;
				GCC_WARN_UNINITIALIZED_AUTOS = YES_AGGRESSIVE;
				GCC_WARN_UNUSED_FUNCTION = YES;
				GCC_WARN_UNUSED_VARIABLE = YES;
				MACOSX_DEPLOYMENT_TARGET = 12.0;
				MTL_ENABLE_DEBUG_INFO = NO;
				MTL_FAST_MATH = YES;
				SDKROOT = macosx;
				SWIFT_COMPILATION_MODE = wholemodule;
				SWIFT_OPTIMIZATION_LEVEL = "-O";
			};
			name = Release;
		};
		431B764A27107D1B00476924 /* Debug */ = {
			isa = XCBuildConfiguration;
			buildSettings = {
				ASSETCATALOG_COMPILER_APPICON_NAME = AppIcon;
				ASSETCATALOG_COMPILER_GLOBAL_ACCENT_COLOR_NAME = AccentColor;
				CLANG_ENABLE_MODULES = YES;
				CODE_SIGN_ENTITLEMENTS = NSTextInputClient/NSTextInputClient.entitlements;
				CODE_SIGN_IDENTITY = "-";
				CODE_SIGN_STYLE = Automatic;
				COMBINE_HIDPI_IMAGES = YES;
				CURRENT_PROJECT_VERSION = 1;
				DEVELOPMENT_TEAM = 64A5CLJP5W;
				ENABLE_HARDENED_RUNTIME = YES;
				GENERATE_INFOPLIST_FILE = YES;
				INFOPLIST_KEY_NSHumanReadableCopyright = "";
				INFOPLIST_KEY_NSMainStoryboardFile = Main;
				INFOPLIST_KEY_NSPrincipalClass = NSApplication;
				LD_RUNPATH_SEARCH_PATHS = (
					"$(inherited)",
					"@executable_path/../Frameworks",
				);
				MARKETING_VERSION = 1.0;
				PRODUCT_BUNDLE_IDENTIFIER = com.hogbaysoftware.NSTextInputClient;
				PRODUCT_NAME = "$(TARGET_NAME)";
				SWIFT_EMIT_LOC_STRINGS = YES;
				SWIFT_OBJC_BRIDGING_HEADER = "NSTextInputClient/NSTextInputClient-Bridging-Header.h";
				SWIFT_OPTIMIZATION_LEVEL = "-Onone";
				SWIFT_VERSION = 5.0;
			};
			name = Debug;
		};
		431B764B27107D1B00476924 /* Release */ = {
			isa = XCBuildConfiguration;
			buildSettings = {
				ASSETCATALOG_COMPILER_APPICON_NAME = AppIcon;
				ASSETCATALOG_COMPILER_GLOBAL_ACCENT_COLOR_NAME = AccentColor;
				CLANG_ENABLE_MODULES = YES;
				CODE_SIGN_ENTITLEMENTS = NSTextInputClient/NSTextInputClient.entitlements;
				CODE_SIGN_IDENTITY = "-";
				CODE_SIGN_STYLE = Automatic;
				COMBINE_HIDPI_IMAGES = YES;
				CURRENT_PROJECT_VERSION = 1;
				DEVELOPMENT_TEAM = 64A5CLJP5W;
				ENABLE_HARDENED_RUNTIME = YES;
				GENERATE_INFOPLIST_FILE = YES;
				INFOPLIST_KEY_NSHumanReadableCopyright = "";
				INFOPLIST_KEY_NSMainStoryboardFile = Main;
				INFOPLIST_KEY_NSPrincipalClass = NSApplication;
				LD_RUNPATH_SEARCH_PATHS = (
					"$(inherited)",
					"@executable_path/../Frameworks",
				);
				MARKETING_VERSION = 1.0;
				PRODUCT_BUNDLE_IDENTIFIER = com.hogbaysoftware.NSTextInputClient;
				PRODUCT_NAME = "$(TARGET_NAME)";
				SWIFT_EMIT_LOC_STRINGS = YES;
				SWIFT_OBJC_BRIDGING_HEADER = "NSTextInputClient/NSTextInputClient-Bridging-Header.h";
				SWIFT_VERSION = 5.0;
			};
			name = Release;
		};
		431B764D27107D1B00476924 /* Debug */ = {
			isa = XCBuildConfiguration;
			buildSettings = {
				ALWAYS_EMBED_SWIFT_STANDARD_LIBRARIES = YES;
				BUNDLE_LOADER = "$(TEST_HOST)";
				CODE_SIGN_STYLE = Automatic;
				COMBINE_HIDPI_IMAGES = YES;
				CURRENT_PROJECT_VERSION = 1;
				DEVELOPMENT_TEAM = 64A5CLJP5W;
				GENERATE_INFOPLIST_FILE = YES;
				LD_RUNPATH_SEARCH_PATHS = (
					"$(inherited)",
					"@executable_path/../Frameworks",
					"@loader_path/../Frameworks",
				);
				MACOSX_DEPLOYMENT_TARGET = 11.3;
				MARKETING_VERSION = 1.0;
				PRODUCT_BUNDLE_IDENTIFIER = com.hogbaysoftware.NSTextInputClientTests;
				PRODUCT_NAME = "$(TARGET_NAME)";
				SWIFT_EMIT_LOC_STRINGS = NO;
				SWIFT_VERSION = 5.0;
				TEST_HOST = "$(BUILT_PRODUCTS_DIR)/NSTextInputClient.app/Contents/MacOS/NSTextInputClient";
			};
			name = Debug;
		};
		431B764E27107D1B00476924 /* Release */ = {
			isa = XCBuildConfiguration;
			buildSettings = {
				ALWAYS_EMBED_SWIFT_STANDARD_LIBRARIES = YES;
				BUNDLE_LOADER = "$(TEST_HOST)";
				CODE_SIGN_STYLE = Automatic;
				COMBINE_HIDPI_IMAGES = YES;
				CURRENT_PROJECT_VERSION = 1;
				DEVELOPMENT_TEAM = 64A5CLJP5W;
				GENERATE_INFOPLIST_FILE = YES;
				LD_RUNPATH_SEARCH_PATHS = (
					"$(inherited)",
					"@executable_path/../Frameworks",
					"@loader_path/../Frameworks",
				);
				MACOSX_DEPLOYMENT_TARGET = 11.3;
				MARKETING_VERSION = 1.0;
				PRODUCT_BUNDLE_IDENTIFIER = com.hogbaysoftware.NSTextInputClientTests;
				PRODUCT_NAME = "$(TARGET_NAME)";
				SWIFT_EMIT_LOC_STRINGS = NO;
				SWIFT_VERSION = 5.0;
				TEST_HOST = "$(BUILT_PRODUCTS_DIR)/NSTextInputClient.app/Contents/MacOS/NSTextInputClient";
			};
			name = Release;
		};
		431B765027107D1B00476924 /* Debug */ = {
			isa = XCBuildConfiguration;
			buildSettings = {
				ALWAYS_EMBED_SWIFT_STANDARD_LIBRARIES = YES;
				CODE_SIGN_STYLE = Automatic;
				COMBINE_HIDPI_IMAGES = YES;
				CURRENT_PROJECT_VERSION = 1;
				DEVELOPMENT_TEAM = 64A5CLJP5W;
				GENERATE_INFOPLIST_FILE = YES;
				LD_RUNPATH_SEARCH_PATHS = (
					"$(inherited)",
					"@executable_path/../Frameworks",
					"@loader_path/../Frameworks",
				);
				MARKETING_VERSION = 1.0;
				PRODUCT_BUNDLE_IDENTIFIER = com.hogbaysoftware.NSTextInputClientUITests;
				PRODUCT_NAME = "$(TARGET_NAME)";
				SWIFT_EMIT_LOC_STRINGS = NO;
				SWIFT_VERSION = 5.0;
				TEST_TARGET_NAME = NSTextInputClient;
			};
			name = Debug;
		};
		431B765127107D1B00476924 /* Release */ = {
			isa = XCBuildConfiguration;
			buildSettings = {
				ALWAYS_EMBED_SWIFT_STANDARD_LIBRARIES = YES;
				CODE_SIGN_STYLE = Automatic;
				COMBINE_HIDPI_IMAGES = YES;
				CURRENT_PROJECT_VERSION = 1;
				DEVELOPMENT_TEAM = 64A5CLJP5W;
				GENERATE_INFOPLIST_FILE = YES;
				LD_RUNPATH_SEARCH_PATHS = (
					"$(inherited)",
					"@executable_path/../Frameworks",
					"@loader_path/../Frameworks",
				);
				MARKETING_VERSION = 1.0;
				PRODUCT_BUNDLE_IDENTIFIER = com.hogbaysoftware.NSTextInputClientUITests;
				PRODUCT_NAME = "$(TARGET_NAME)";
				SWIFT_EMIT_LOC_STRINGS = NO;
				SWIFT_VERSION = 5.0;
				TEST_TARGET_NAME = NSTextInputClient;
			};
			name = Release;
		};
/* End XCBuildConfiguration section */

/* Begin XCConfigurationList section */
		431B761F27107D1800476924 /* Build configuration list for PBXProject "NSTextInputClient" */ = {
			isa = XCConfigurationList;
			buildConfigurations = (
				431B764727107D1B00476924 /* Debug */,
				431B764827107D1B00476924 /* Release */,
			);
			defaultConfigurationIsVisible = 0;
			defaultConfigurationName = Release;
		};
		431B764927107D1B00476924 /* Build configuration list for PBXNativeTarget "NSTextInputClient" */ = {
			isa = XCConfigurationList;
			buildConfigurations = (
				431B764A27107D1B00476924 /* Debug */,
				431B764B27107D1B00476924 /* Release */,
			);
			defaultConfigurationIsVisible = 0;
			defaultConfigurationName = Release;
		};
		431B764C27107D1B00476924 /* Build configuration list for PBXNativeTarget "NSTextInputClientTests" */ = {
			isa = XCConfigurationList;
			buildConfigurations = (
				431B764D27107D1B00476924 /* Debug */,
				431B764E27107D1B00476924 /* Release */,
			);
			defaultConfigurationIsVisible = 0;
			defaultConfigurationName = Release;
		};
		431B764F27107D1B00476924 /* Build configuration list for PBXNativeTarget "NSTextInputClientUITests" */ = {
			isa = XCConfigurationList;
			buildConfigurations = (
				431B765027107D1B00476924 /* Debug */,
				431B765127107D1B00476924 /* Release */,
			);
			defaultConfigurationIsVisible = 0;
			defaultConfigurationName = Release;
		};
/* End XCConfigurationList section */
	};
	rootObject = 431B761C27107D1800476924 /* Project object */;
}
